PODS:
  - code_forge (10.0.0):
    - FlutterMacOS
  - desktop_drop (0.0.1):
    - FlutterMacOS
  - file_selector_macos (0.0.1):
    - FlutterMacOS
  - FlutterMacOS (1.0.0)
  - rinf (0.1.0):
    - FlutterMacOS
  - screen_capturer_macos (0.0.1):
    - FlutterMacOS
  - shared_preferences_foundation (0.0.1):
    - Flutter
    - FlutterMacOS
  - url_launcher_macos (0.0.1):
    - FlutterMacOS
  - webview_flutter_wkwebview (0.0.1):
    - Flutter
    - FlutterMacOS

DEPENDENCIES:
  - code_forge (from `Flutter/ephemeral/.symlinks/plugins/code_forge/macos`)
  - desktop_drop (from `Flutter/ephemeral/.symlinks/plugins/desktop_drop/macos`)
  - file_selector_macos (from `Flutter/ephemeral/.symlinks/plugins/file_selector_macos/macos`)
  - FlutterMacOS (from `Flutter/ephemeral`)
  - rinf (from `Flutter/ephemeral/.symlinks/plugins/rinf/macos`)
  - screen_capturer_macos (from `Flutter/ephemeral/.symlinks/plugins/screen_capturer_macos/macos`)
  - shared_preferences_foundation (from `Flutter/ephemeral/.symlinks/plugins/shared_preferences_foundation/darwin`)
  - url_launcher_macos (from `Flutter/ephemeral/.symlinks/plugins/url_launcher_macos/macos`)
  - webview_flutter_wkwebview (from `Flutter/ephemeral/.symlinks/plugins/webview_flutter_wkwebview/darwin`)

EXTERNAL SOURCES:
  code_forge:
    :path: Flutter/ephemeral/.symlinks/plugins/code_forge/macos
  desktop_drop:
    :path: Flutter/ephemeral/.symlinks/plugins/desktop_drop/macos
  file_selector_macos:
    :path: Flutter/ephemeral/.symlinks/plugins/file_selector_macos/macos
  FlutterMacOS:
    :path: Flutter/ephemeral
  rinf:
    :path: Flutter/ephemeral/.symlinks/plugins/rinf/macos
  screen_capturer_macos:
    :path: Flutter/ephemeral/.symlinks/plugins/screen_capturer_macos/macos
  shared_preferences_foundation:
    :path: Flutter/ephemeral/.symlinks/plugins/shared_preferences_foundation/darwin
  url_launcher_macos:
    :path: Flutter/ephemeral/.symlinks/plugins/url_launcher_macos/macos
  webview_flutter_wkwebview:
    :path: Flutter/ephemeral/.symlinks/plugins/webview_flutter_wkwebview/darwin

SPEC CHECKSUMS:
  code_forge: 14bca13a0e26865b31e28c4041a5e6920631ebbc
  desktop_drop: 1eeeb9484299585770b6461e4f3d60950e99efa2
  file_selector_macos: 3e56eaea051180007b900eacb006686fd54da150
  FlutterMacOS: d0db08ddef1a9af05a5ec4b724367152bb0500b1
  rinf: 663682fa60fb16c4c9533f289e1939cc1a59a0a5
  screen_capturer_macos: e91a66e1eeefd5e4fe068bb1bffc053cc34b63b8
  shared_preferences_foundation: 5086985c1d43c5ba4d5e69a4e8083a389e2909e6
  url_launcher_macos: 175a54c831f4375a6cf895875f716ee5af3888ce
  webview_flutter_wkwebview: 29eb20d43355b48fe7d07113835b9128f84e3af4

PODFILE CHECKSUM: bfd260262fc9a9bfd85ac8068177dcf6a49b3535

COCOAPODS: 1.16.2
