PODS:
  - code_forge (10.0.0):
    - FlutterMacOS
  - desktop_drop (0.0.1):
    - FlutterMacOS
  - file_selector_macos (0.0.1):
    - FlutterMacOS
  - FlutterMacOS (1.0.0)
  - rinf (0.1.0):
    - FlutterMacOS
  - screen_capturer_macos (0.0.1):
    - FlutterMacOS
  - shared_preferences_foundation (0.0.1):
    - Flutter
    - FlutterMacOS
  - url_launcher_macos (0.0.1):
    - FlutterMacOS
  - webview_flutter_wkwebview (0.0.1):
    - Flutter
    - FlutterMacOS

DEPENDENCIES:
  - code_forge (from `Flutter/ephemeral/.symlinks/plugins/code_forge/macos`)
  - desktop_drop (from `Flutter/ephemeral/.symlinks/plugins/desktop_drop/macos`)
  - file_selector_macos (from `Flutter/ephemeral/.symlinks/plugins/file_selector_macos/macos`)
  - FlutterMacOS (from `Flutter/ephemeral`)
  - rinf (from `Flutter/ephemeral/.symlinks/plugins/rinf/macos`)
  - screen_capturer_macos (from `Flutter/ephemeral/.symlinks/plugins/screen_capturer_macos/macos`)
  - shared_preferences_foundation (from `Flutter/ephemeral/.symlinks/plugins/shared_preferences_foundation/darwin`)
  - url_launcher_macos (from `Flutter/ephemeral/.symlinks/plugins/url_launcher_macos/macos`)
  - webview_flutter_wkwebview (from `Flutter/ephemeral/.symlinks/plugins/webview_flutter_wkwebview/darwin`)

EXTERNAL SOURCES:
  code_forge:
    :path: Flutter/ephemeral/.symlinks/plugins/code_forge/macos
  desktop_drop:
    :path: Flutter/ephemeral/.symlinks/plugins/desktop_drop/macos
  file_selector_macos:
    :path: Flutter/ephemeral/.symlinks/plugins/file_selector_macos/macos
  FlutterMacOS:
    :path: Flutter/ephemeral
  rinf:
    :path: Flutter/ephemeral/.symlinks/plugins/rinf/macos
  screen_capturer_macos:
    :path: Flutter/ephemeral/.symlinks/plugins/screen_capturer_macos/macos
  shared_preferences_foundation:
    :path: Flutter/ephemeral/.symlinks/plugins/shared_preferences_foundation/darwin
  url_launcher_macos:
    :path: Flutter/ephemeral/.symlinks/plugins/url_launcher_macos/macos
  webview_flutter_wkwebview:
    :path: Flutter/ephemeral/.symlinks/plugins/webview_flutter_wkwebview/darwin

SPEC CHECKSUMS:
  code_forge: 374e3357ba59ca2ace4b1d6814c943b1d72faf0b
  desktop_drop: 10a3e6a7fa9dbe350541f2574092fecfa345a07b
  file_selector_macos: 9e9e068e90ebee155097d00e89ae91edb2374db7
  FlutterMacOS: d0db08ddef1a9af05a5ec4b724367152bb0500b1
  rinf: 262f44da111bc09a28138d438caf7b9a29e9b411
  screen_capturer_macos: 229306903c56767a7c7d3a48167ba303e95c6d29
  shared_preferences_foundation: 7036424c3d8ec98dfe75ff1667cb0cd531ec82bb
  url_launcher_macos: f87a979182d112f911de6820aefddaf56ee9fbfd
  webview_flutter_wkwebview: 8ebf4fded22593026f7dbff1fbff31ea98573c8d

PODFILE CHECKSUM: bfd260262fc9a9bfd85ac8068177dcf6a49b3535

COCOAPODS: 1.16.2
